// !$*UTF8*$!
{
	archiveVersion = 1;
	classes = {
	};
	objectVersion = 77;
	objects = {

/* Begin PBXBuildFile section */
		550EE8C52D9B21240067C221 /* GoogleSignIn in Frameworks */ = {isa = PBXBuildFile; productRef = 550EE8C42D9B21240067C221 /* GoogleSignIn */; };
		550EE8C72D9B21240067C221 /* GoogleSignInSwift in Frameworks */ = {isa = PBXBuildFile; productRef = 550EE8C62D9B21240067C221 /* GoogleSignInSwift */; };
		555883D22D9A630B00A12085 /* FirebaseAnalytics in Frameworks */ = {isa = PBXBuildFile; productRef = 555883D12D9A630B00A12085 /* FirebaseAnalytics */; };
		555883D42D9A630B00A12085 /* FirebaseAnalyticsOnDeviceConversion in Frameworks */ = {isa = PBXBuildFile; productRef = 555883D32D9A630B00A12085 /* FirebaseAnalyticsOnDeviceConversion */; };
		555883D62D9A630B00A12085 /* FirebaseAnalyticsWithoutAdIdSupport in Frameworks */ = {isa = PBXBuildFile; productRef = 555883D52D9A630B00A12085 /* FirebaseAnalyticsWithoutAdIdSupport */; };
		555883D82D9A630B00A12085 /* FirebaseAppCheck in Frameworks */ = {isa = PBXBuildFile; productRef = 555883D72D9A630B00A12085 /* FirebaseAppCheck */; };
		555883DA2D9A630B00A12085 /* FirebaseAppDistribution-Beta in Frameworks */ = {isa = PBXBuildFile; productRef = 555883D92D9A630B00A12085 /* FirebaseAppDistribution-Beta */; };
		555883DC2D9A63EA00A12085 /* FirebaseAuth in Frameworks */ = {isa = PBXBuildFile; productRef = 555883DB2D9A63EA00A12085 /* FirebaseAuth */; };
		555883DE2D9A63EA00A12085 /* FirebaseAuthCombine-Community in Frameworks */ = {isa = PBXBuildFile; productRef = 555883DD2D9A63EA00A12085 /* FirebaseAuthCombine-Community */; };
		555883E02D9A63EA00A12085 /* FirebaseCore in Frameworks */ = {isa = PBXBuildFile; productRef = 555883DF2D9A63EA00A12085 /* FirebaseCore */; };
		555883E22D9A63EA00A12085 /* FirebaseCrashlytics in Frameworks */ = {isa = PBXBuildFile; productRef = 555883E12D9A63EA00A12085 /* FirebaseCrashlytics */; };
		555883E42D9A63EA00A12085 /* FirebaseDatabase in Frameworks */ = {isa = PBXBuildFile; productRef = 555883E32D9A63EA00A12085 /* FirebaseDatabase */; };
		555883E62D9A63EA00A12085 /* FirebaseDynamicLinks in Frameworks */ = {isa = PBXBuildFile; productRef = 555883E52D9A63EA00A12085 /* FirebaseDynamicLinks */; };
		555883E82D9A63EA00A12085 /* FirebaseFirestore in Frameworks */ = {isa = PBXBuildFile; productRef = 555883E72D9A63EA00A12085 /* FirebaseFirestore */; };
		555883EA2D9A63EA00A12085 /* FirebaseFirestoreCombine-Community in Frameworks */ = {isa = PBXBuildFile; productRef = 555883E92D9A63EA00A12085 /* FirebaseFirestoreCombine-Community */; };
		555883EC2D9A63EA00A12085 /* FirebaseFunctions in Frameworks */ = {isa = PBXBuildFile; productRef = 555883EB2D9A63EA00A12085 /* FirebaseFunctions */; };
		555883EE2D9A63EA00A12085 /* FirebaseFunctionsCombine-Community in Frameworks */ = {isa = PBXBuildFile; productRef = 555883ED2D9A63EA00A12085 /* FirebaseFunctionsCombine-Community */; };
		555883F02D9A63EA00A12085 /* FirebaseInAppMessaging-Beta in Frameworks */ = {isa = PBXBuildFile; productRef = 555883EF2D9A63EA00A12085 /* FirebaseInAppMessaging-Beta */; };
		555883F22D9A63EA00A12085 /* FirebaseInstallations in Frameworks */ = {isa = PBXBuildFile; productRef = 555883F12D9A63EA00A12085 /* FirebaseInstallations */; };
		555883F42D9A63EA00A12085 /* FirebaseMLModelDownloader in Frameworks */ = {isa = PBXBuildFile; productRef = 555883F32D9A63EA00A12085 /* FirebaseMLModelDownloader */; };
		555883F62D9A63EA00A12085 /* FirebaseMessaging in Frameworks */ = {isa = PBXBuildFile; productRef = 555883F52D9A63EA00A12085 /* FirebaseMessaging */; };
		555883F82D9A63EA00A12085 /* FirebasePerformance in Frameworks */ = {isa = PBXBuildFile; productRef = 555883F72D9A63EA00A12085 /* FirebasePerformance */; };
		555883FA2D9A63EA00A12085 /* FirebaseRemoteConfig in Frameworks */ = {isa = PBXBuildFile; productRef = 555883F92D9A63EA00A12085 /* FirebaseRemoteConfig */; };
		555883FC2D9A63EA00A12085 /* FirebaseStorage in Frameworks */ = {isa = PBXBuildFile; productRef = 555883FB2D9A63EA00A12085 /* FirebaseStorage */; };
		555883FE2D9A63EA00A12085 /* FirebaseStorageCombine-Community in Frameworks */ = {isa = PBXBuildFile; productRef = 555883FD2D9A63EA00A12085 /* FirebaseStorageCombine-Community */; };
		555884002D9A63EA00A12085 /* FirebaseVertexAI in Frameworks */ = {isa = PBXBuildFile; productRef = 555883FF2D9A63EA00A12085 /* FirebaseVertexAI */; };
/* End PBXBuildFile section */

/* Begin PBXContainerItemProxy section */
		5547DD972D7B8CF400E561E8 /* PBXContainerItemProxy */ = {
			isa = PBXContainerItemProxy;
			containerPortal = 5547DD7E2D7B8CF100E561E8 /* Project object */;
			proxyType = 1;
			remoteGlobalIDString = 5547DD852D7B8CF100E561E8;
			remoteInfo = XHale;
		};
		5547DDA12D7B8CF400E561E8 /* PBXContainerItemProxy */ = {
			isa = PBXContainerItemProxy;
			containerPortal = 5547DD7E2D7B8CF100E561E8 /* Project object */;
			proxyType = 1;
			remoteGlobalIDString = 5547DD852D7B8CF100E561E8;
			remoteInfo = XHale;
		};
/* End PBXContainerItemProxy section */

/* Begin PBXFileReference section */
		5547DD862D7B8CF100E561E8 /* XHale.app */ = {isa = PBXFileReference; explicitFileType = wrapper.application; includeInIndex = 0; path = XHale.app; sourceTree = BUILT_PRODUCTS_DIR; };
		5547DD962D7B8CF400E561E8 /* XHaleTests.xctest */ = {isa = PBXFileReference; explicitFileType = wrapper.cfbundle; includeInIndex = 0; path = XHaleTests.xctest; sourceTree = BUILT_PRODUCTS_DIR; };
		5547DDA02D7B8CF400E561E8 /* XHaleUITests.xctest */ = {isa = PBXFileReference; explicitFileType = wrapper.cfbundle; includeInIndex = 0; path = XHaleUITests.xctest; sourceTree = BUILT_PRODUCTS_DIR; };
/* End PBXFileReference section */

/* Begin PBXFileSystemSynchronizedBuildFileExceptionSet section */
		55EB183F2D8F5F94001927E7 /* Exceptions for "Resources" folder in "XHale" target */ = {
			isa = PBXFileSystemSynchronizedBuildFileExceptionSet;
			attributesByRelativePath = {
				device.dae = ("--decompress", );
			};
			target = 5547DD852D7B8CF100E561E8 /* XHale */;
		};
/* End PBXFileSystemSynchronizedBuildFileExceptionSet section */

/* Begin PBXFileSystemSynchronizedRootGroup section */
		5547DD882D7B8CF100E561E8 /* XHale */ = {
			isa = PBXFileSystemSynchronizedRootGroup;
			path = XHale;
			sourceTree = "<group>";
		};
		5547DD992D7B8CF400E561E8 /* XHaleTests */ = {
			isa = PBXFileSystemSynchronizedRootGroup;
			path = XHaleTests;
			sourceTree = "<group>";
		};
		5547DDA32D7B8CF400E561E8 /* XHaleUITests */ = {
			isa = PBXFileSystemSynchronizedRootGroup;
			path = XHaleUITests;
			sourceTree = "<group>";
		};
		55EB183C2D8F5F13001927E7 /* Resources */ = {
			isa = PBXFileSystemSynchronizedRootGroup;
			exceptions = (
				55EB183F2D8F5F94001927E7 /* Exceptions for "Resources" folder in "XHale" target */,
			);
			path = Resources;
			sourceTree = "<group>";
		};
/* End PBXFileSystemSynchronizedRootGroup section */

/* Begin PBXFrameworksBuildPhase section */
		5547DD832D7B8CF100E561E8 /* Frameworks */ = {
			isa = PBXFrameworksBuildPhase;
			buildActionMask = 2147483647;
			files = (
				555883EA2D9A63EA00A12085 /* FirebaseFirestoreCombine-Community in Frameworks */,
				555884002D9A63EA00A12085 /* FirebaseVertexAI in Frameworks */,
				555883EC2D9A63EA00A12085 /* FirebaseFunctions in Frameworks */,
				555883F82D9A63EA00A12085 /* FirebasePerformance in Frameworks */,
				555883FE2D9A63EA00A12085 /* FirebaseStorageCombine-Community in Frameworks */,
				550EE8C72D9B21240067C221 /* GoogleSignInSwift in Frameworks */,
				555883FA2D9A63EA00A12085 /* FirebaseRemoteConfig in Frameworks */,
				555883E42D9A63EA00A12085 /* FirebaseDatabase in Frameworks */,
				555883E62D9A63EA00A12085 /* FirebaseDynamicLinks in Frameworks */,
				555883D82D9A630B00A12085 /* FirebaseAppCheck in Frameworks */,
				555883DC2D9A63EA00A12085 /* FirebaseAuth in Frameworks */,
				555883D22D9A630B00A12085 /* FirebaseAnalytics in Frameworks */,
				555883E82D9A63EA00A12085 /* FirebaseFirestore in Frameworks */,
				555883F62D9A63EA00A12085 /* FirebaseMessaging in Frameworks */,
				555883F22D9A63EA00A12085 /* FirebaseInstallations in Frameworks */,
				555883EE2D9A63EA00A12085 /* FirebaseFunctionsCombine-Community in Frameworks */,
				550EE8C52D9B21240067C221 /* GoogleSignIn in Frameworks */,
				555883DA2D9A630B00A12085 /* FirebaseAppDistribution-Beta in Frameworks */,
				555883D62D9A630B00A12085 /* FirebaseAnalyticsWithoutAdIdSupport in Frameworks */,
				555883F02D9A63EA00A12085 /* FirebaseInAppMessaging-Beta in Frameworks */,
				555883DE2D9A63EA00A12085 /* FirebaseAuthCombine-Community in Frameworks */,
				555883E22D9A63EA00A12085 /* FirebaseCrashlytics in Frameworks */,
				555883F42D9A63EA00A12085 /* FirebaseMLModelDownloader in Frameworks */,
				555883FC2D9A63EA00A12085 /* FirebaseStorage in Frameworks */,
				555883E02D9A63EA00A12085 /* FirebaseCore in Frameworks */,
				555883D42D9A630B00A12085 /* FirebaseAnalyticsOnDeviceConversion in Frameworks */,
			);
			runOnlyForDeploymentPostprocessing = 0;
		};
		5547DD932D7B8CF400E561E8 /* Frameworks */ = {
			isa = PBXFrameworksBuildPhase;
			buildActionMask = 2147483647;
			files = (
			);
			runOnlyForDeploymentPostprocessing = 0;
		};
		5547DD9D2D7B8CF400E561E8 /* Frameworks */ = {
			isa = PBXFrameworksBuildPhase;
			buildActionMask = 2147483647;
			files = (
			);
			runOnlyForDeploymentPostprocessing = 0;
		};
/* End PBXFrameworksBuildPhase section */

/* Begin PBXGroup section */
		5547DD7D2D7B8CF100E561E8 = {
			isa = PBXGroup;
			children = (
				55EB183C2D8F5F13001927E7 /* Resources */,
				5547DD882D7B8CF100E561E8 /* XHale */,
				5547DD992D7B8CF400E561E8 /* XHaleTests */,
				5547DDA32D7B8CF400E561E8 /* XHaleUITests */,
				5547DD872D7B8CF100E561E8 /* Products */,
			);
			sourceTree = "<group>";
		};
		5547DD872D7B8CF100E561E8 /* Products */ = {
			isa = PBXGroup;
			children = (
				5547DD862D7B8CF100E561E8 /* XHale.app */,
				5547DD962D7B8CF400E561E8 /* XHaleTests.xctest */,
				5547DDA02D7B8CF400E561E8 /* XHaleUITests.xctest */,
			);
			name = Products;
			sourceTree = "<group>";
		};
/* End PBXGroup section */

/* Begin PBXNativeTarget section */
		5547DD852D7B8CF100E561E8 /* XHale */ = {
			isa = PBXNativeTarget;
			buildConfigurationList = 5547DDAA2D7B8CF400E561E8 /* Build configuration list for PBXNativeTarget "XHale" */;
			buildPhases = (
				5547DD822D7B8CF100E561E8 /* Sources */,
				5547DD832D7B8CF100E561E8 /* Frameworks */,
				5547DD842D7B8CF100E561E8 /* Resources */,
			);
			buildRules = (
			);
			dependencies = (
			);
			fileSystemSynchronizedGroups = (
				5547DD882D7B8CF100E561E8 /* XHale */,
				55EB183C2D8F5F13001927E7 /* Resources */,
			);
			name = XHale;
			packageProductDependencies = (
				555883D12D9A630B00A12085 /* FirebaseAnalytics */,
				555883D32D9A630B00A12085 /* FirebaseAnalyticsOnDeviceConversion */,
				555883D52D9A630B00A12085 /* FirebaseAnalyticsWithoutAdIdSupport */,
				555883D72D9A630B00A12085 /* FirebaseAppCheck */,
				555883D92D9A630B00A12085 /* FirebaseAppDistribution-Beta */,
				555883DB2D9A63EA00A12085 /* FirebaseAuth */,
				555883DD2D9A63EA00A12085 /* FirebaseAuthCombine-Community */,
				555883DF2D9A63EA00A12085 /* FirebaseCore */,
				555883E12D9A63EA00A12085 /* FirebaseCrashlytics */,
				555883E32D9A63EA00A12085 /* FirebaseDatabase */,
				555883E52D9A63EA00A12085 /* FirebaseDynamicLinks */,
				555883E72D9A63EA00A12085 /* FirebaseFirestore */,
				555883E92D9A63EA00A12085 /* FirebaseFirestoreCombine-Community */,
				555883EB2D9A63EA00A12085 /* FirebaseFunctions */,
				555883ED2D9A63EA00A12085 /* FirebaseFunctionsCombine-Community */,
				555883EF2D9A63EA00A12085 /* FirebaseInAppMessaging-Beta */,
				555883F12D9A63EA00A12085 /* FirebaseInstallations */,
				555883F32D9A63EA00A12085 /* FirebaseMLModelDownloader */,
				555883F52D9A63EA00A12085 /* FirebaseMessaging */,
				555883F72D9A63EA00A12085 /* FirebasePerformance */,
				555883F92D9A63EA00A12085 /* FirebaseRemoteConfig */,
				555883FB2D9A63EA00A12085 /* FirebaseStorage */,
				555883FD2D9A63EA00A12085 /* FirebaseStorageCombine-Community */,
				555883FF2D9A63EA00A12085 /* FirebaseVertexAI */,
				550EE8C42D9B21240067C221 /* GoogleSignIn */,
				550EE8C62D9B21240067C221 /* GoogleSignInSwift */,
			);
			productName = XHale;
			productReference = 5547DD862D7B8CF100E561E8 /* XHale.app */;
			productType = "com.apple.product-type.application";
		};
		5547DD952D7B8CF400E561E8 /* XHaleTests */ = {
			isa = PBXNativeTarget;
			buildConfigurationList = 5547DDAD2D7B8CF400E561E8 /* Build configuration list for PBXNativeTarget "XHaleTests" */;
			buildPhases = (
				5547DD922D7B8CF400E561E8 /* Sources */,
				5547DD932D7B8CF400E561E8 /* Frameworks */,
				5547DD942D7B8CF400E561E8 /* Resources */,
			);
			buildRules = (
			);
			dependencies = (
				5547DD982D7B8CF400E561E8 /* PBXTargetDependency */,
			);
			fileSystemSynchronizedGroups = (
				5547DD992D7B8CF400E561E8 /* XHaleTests */,
			);
			name = XHaleTests;
			packageProductDependencies = (
			);
			productName = XHaleTests;
			productReference = 5547DD962D7B8CF400E561E8 /* XHaleTests.xctest */;
			productType = "com.apple.product-type.bundle.unit-test";
		};
		5547DD9F2D7B8CF400E561E8 /* XHaleUITests */ = {
			isa = PBXNativeTarget;
			buildConfigurationList = 5547DDB02D7B8CF400E561E8 /* Build configuration list for PBXNativeTarget "XHaleUITests" */;
			buildPhases = (
				5547DD9C2D7B8CF400E561E8 /* Sources */,
				5547DD9D2D7B8CF400E561E8 /* Frameworks */,
				5547DD9E2D7B8CF400E561E8 /* Resources */,
			);
			buildRules = (
			);
			dependencies = (
				5547DDA22D7B8CF400E561E8 /* PBXTargetDependency */,
			);
			fileSystemSynchronizedGroups = (
				5547DDA32D7B8CF400E561E8 /* XHaleUITests */,
			);
			name = XHaleUITests;
			packageProductDependencies = (
			);
			productName = XHaleUITests;
			productReference = 5547DDA02D7B8CF400E561E8 /* XHaleUITests.xctest */;
			productType = "com.apple.product-type.bundle.ui-testing";
		};
/* End PBXNativeTarget section */

/* Begin PBXProject section */
		5547DD7E2D7B8CF100E561E8 /* Project object */ = {
			isa = PBXProject;
			attributes = {
				BuildIndependentTargetsInParallel = 1;
				LastSwiftUpdateCheck = 1620;
				LastUpgradeCheck = 1620;
				TargetAttributes = {
					5547DD852D7B8CF100E561E8 = {
						CreatedOnToolsVersion = 16.2;
					};
					5547DD952D7B8CF400E561E8 = {
						CreatedOnToolsVersion = 16.2;
						TestTargetID = 5547DD852D7B8CF100E561E8;
					};
					5547DD9F2D7B8CF400E561E8 = {
						CreatedOnToolsVersion = 16.2;
						TestTargetID = 5547DD852D7B8CF100E561E8;
					};
				};
			};
			buildConfigurationList = 5547DD812D7B8CF100E561E8 /* Build configuration list for PBXProject "XHale" */;
			developmentRegion = en;
			hasScannedForEncodings = 0;
			knownRegions = (
				en,
				Base,
			);
			mainGroup = 5547DD7D2D7B8CF100E561E8;
			minimizedProjectReferenceProxies = 1;
			packageReferences = (
				552DA2C42D9A5C6600FAD114 /* XCRemoteSwiftPackageReference "firebase-ios-sdk" */,
				550EE8C32D9B21240067C221 /* XCRemoteSwiftPackageReference "GoogleSignIn-iOS" */,
			);
			preferredProjectObjectVersion = 77;
			productRefGroup = 5547DD872D7B8CF100E561E8 /* Products */;
			projectDirPath = "";
			projectRoot = "";
			targets = (
				5547DD852D7B8CF100E561E8 /* XHale */,
				5547DD952D7B8CF400E561E8 /* XHaleTests */,
				5547DD9F2D7B8CF400E561E8 /* XHaleUITests */,
			);
		};
/* End PBXProject section */

/* Begin PBXResourcesBuildPhase section */
		5547DD842D7B8CF100E561E8 /* Resources */ = {
			isa = PBXResourcesBuildPhase;
			buildActionMask = 2147483647;
			files = (
			);
			runOnlyForDeploymentPostprocessing = 0;
		};
		5547DD942D7B8CF400E561E8 /* Resources */ = {
			isa = PBXResourcesBuildPhase;
			buildActionMask = 2147483647;
			files = (
			);
			runOnlyForDeploymentPostprocessing = 0;
		};
		5547DD9E2D7B8CF400E561E8 /* Resources */ = {
			isa = PBXResourcesBuildPhase;
			buildActionMask = 2147483647;
			files = (
			);
			runOnlyForDeploymentPostprocessing = 0;
		};
/* End PBXResourcesBuildPhase section */

/* Begin PBXSourcesBuildPhase section */
		5547DD822D7B8CF100E561E8 /* Sources */ = {
			isa = PBXSourcesBuildPhase;
			buildActionMask = 2147483647;
			files = (
			);
			runOnlyForDeploymentPostprocessing = 0;
		};
		5547DD922D7B8CF400E561E8 /* Sources */ = {
			isa = PBXSourcesBuildPhase;
			buildActionMask = 2147483647;
			files = (
			);
			runOnlyForDeploymentPostprocessing = 0;
		};
		5547DD9C2D7B8CF400E561E8 /* Sources */ = {
			isa = PBXSourcesBuildPhase;
			buildActionMask = 2147483647;
			files = (
			);
			runOnlyForDeploymentPostprocessing = 0;
		};
/* End PBXSourcesBuildPhase section */

/* Begin PBXTargetDependency section */
		5547DD982D7B8CF400E561E8 /* PBXTargetDependency */ = {
			isa = PBXTargetDependency;
			target = 5547DD852D7B8CF100E561E8 /* XHale */;
			targetProxy = 5547DD972D7B8CF400E561E8 /* PBXContainerItemProxy */;
		};
		5547DDA22D7B8CF400E561E8 /* PBXTargetDependency */ = {
			isa = PBXTargetDependency;
			target = 5547DD852D7B8CF100E561E8 /* XHale */;
			targetProxy = 5547DDA12D7B8CF400E561E8 /* PBXContainerItemProxy */;
		};
/* End PBXTargetDependency section */

/* Begin XCBuildConfiguration section */
		5547DDA82D7B8CF400E561E8 /* Debug */ = {
			isa = XCBuildConfiguration;
			buildSettings = {
				ALWAYS_SEARCH_USER_PATHS = NO;
				ASSETCATALOG_COMPILER_GENERATE_SWIFT_ASSET_SYMBOL_EXTENSIONS = YES;
				CLANG_ANALYZER_NONNULL = YES;
				CLANG_ANALYZER_NUMBER_OBJECT_CONVERSION = YES_AGGRESSIVE;
				CLANG_CXX_LANGUAGE_STANDARD = "gnu++20";
				CLANG_ENABLE_MODULES = YES;
				CLANG_ENABLE_OBJC_ARC = YES;
				CLANG_ENABLE_OBJC_WEAK = YES;
				CLANG_WARN_BLOCK_CAPTURE_AUTORELEASING = YES;
				CLANG_WARN_BOOL_CONVERSION = YES;
				CLANG_WARN_COMMA = YES;
				CLANG_WARN_CONSTANT_CONVERSION = YES;
				CLANG_WARN_DEPRECATED_OBJC_IMPLEMENTATIONS = YES;
				CLANG_WARN_DIRECT_OBJC_ISA_USAGE = YES_ERROR;
				CLANG_WARN_DOCUMENTATION_COMMENTS = YES;
				CLANG_WARN_EMPTY_BODY = YES;
				CLANG_WARN_ENUM_CONVERSION = YES;
				CLANG_WARN_INFINITE_RECURSION = YES;
				CLANG_WARN_INT_CONVERSION = YES;
				CLANG_WARN_NON_LITERAL_NULL_CONVERSION = YES;
				CLANG_WARN_OBJC_IMPLICIT_RETAIN_SELF = YES;
				CLANG_WARN_OBJC_LITERAL_CONVERSION = YES;
				CLANG_WARN_OBJC_ROOT_CLASS = YES_ERROR;
				CLANG_WARN_QUOTED_INCLUDE_IN_FRAMEWORK_HEADER = YES;
				CLANG_WARN_RANGE_LOOP_ANALYSIS = YES;
				CLANG_WARN_STRICT_PROTOTYPES = YES;
				CLANG_WARN_SUSPICIOUS_MOVE = YES;
				CLANG_WARN_UNGUARDED_AVAILABILITY = YES_AGGRESSIVE;
				CLANG_WARN_UNREACHABLE_CODE = YES;
				CLANG_WARN__DUPLICATE_METHOD_MATCH = YES;
				COPY_PHASE_STRIP = NO;
				DEBUG_INFORMATION_FORMAT = dwarf;
				ENABLE_STRICT_OBJC_MSGSEND = YES;
				ENABLE_TESTABILITY = YES;
				ENABLE_USER_SCRIPT_SANDBOXING = YES;
				GCC_C_LANGUAGE_STANDARD = gnu17;
				GCC_DYNAMIC_NO_PIC = NO;
				GCC_NO_COMMON_BLOCKS = YES;
				GCC_OPTIMIZATION_LEVEL = 0;
				GCC_PREPROCESSOR_DEFINITIONS = (
					"DEBUG=1",
					"$(inherited)",
				);
				GCC_WARN_64_TO_32_BIT_CONVERSION = YES;
				GCC_WARN_ABOUT_RETURN_TYPE = YES_ERROR;
				GCC_WARN_UNDECLARED_SELECTOR = YES;
				GCC_WARN_UNINITIALIZED_AUTOS = YES_AGGRESSIVE;
				GCC_WARN_UNUSED_FUNCTION = YES;
				GCC_WARN_UNUSED_VARIABLE = YES;
				IPHONEOS_DEPLOYMENT_TARGET = 18.2;
				LOCALIZATION_PREFERS_STRING_CATALOGS = YES;
				MTL_ENABLE_DEBUG_INFO = INCLUDE_SOURCE;
				MTL_FAST_MATH = YES;
				ONLY_ACTIVE_ARCH = YES;
				SDKROOT = iphoneos;
				SWIFT_ACTIVE_COMPILATION_CONDITIONS = "DEBUG $(inherited)";
				SWIFT_OPTIMIZATION_LEVEL = "-Onone";
			};
			name = Debug;
		};
		5547DDA92D7B8CF400E561E8 /* Release */ = {
			isa = XCBuildConfiguration;
			buildSettings = {
				ALWAYS_SEARCH_USER_PATHS = NO;
				ASSETCATALOG_COMPILER_GENERATE_SWIFT_ASSET_SYMBOL_EXTENSIONS = YES;
				CLANG_ANALYZER_NONNULL = YES;
				CLANG_ANALYZER_NUMBER_OBJECT_CONVERSION = YES_AGGRESSIVE;
				CLANG_CXX_LANGUAGE_STANDARD = "gnu++20";
				CLANG_ENABLE_MODULES = YES;
				CLANG_ENABLE_OBJC_ARC = YES;
				CLANG_ENABLE_OBJC_WEAK = YES;
				CLANG_WARN_BLOCK_CAPTURE_AUTORELEASING = YES;
				CLANG_WARN_BOOL_CONVERSION = YES;
				CLANG_WARN_COMMA = YES;
				CLANG_WARN_CONSTANT_CONVERSION = YES;
				CLANG_WARN_DEPRECATED_OBJC_IMPLEMENTATIONS = YES;
				CLANG_WARN_DIRECT_OBJC_ISA_USAGE = YES_ERROR;
				CLANG_WARN_DOCUMENTATION_COMMENTS = YES;
				CLANG_WARN_EMPTY_BODY = YES;
				CLANG_WARN_ENUM_CONVERSION = YES;
				CLANG_WARN_INFINITE_RECURSION = YES;
				CLANG_WARN_INT_CONVERSION = YES;
				CLANG_WARN_NON_LITERAL_NULL_CONVERSION = YES;
				CLANG_WARN_OBJC_IMPLICIT_RETAIN_SELF = YES;
				CLANG_WARN_OBJC_LITERAL_CONVERSION = YES;
				CLANG_WARN_OBJC_ROOT_CLASS = YES_ERROR;
				CLANG_WARN_QUOTED_INCLUDE_IN_FRAMEWORK_HEADER = YES;
				CLANG_WARN_RANGE_LOOP_ANALYSIS = YES;
				CLANG_WARN_STRICT_PROTOTYPES = YES;
				CLANG_WARN_SUSPICIOUS_MOVE = YES;
				CLANG_WARN_UNGUARDED_AVAILABILITY = YES_AGGRESSIVE;
				CLANG_WARN_UNREACHABLE_CODE = YES;
				CLANG_WARN__DUPLICATE_METHOD_MATCH = YES;
				COPY_PHASE_STRIP = NO;
				DEBUG_INFORMATION_FORMAT = "dwarf-with-dsym";
				ENABLE_NS_ASSERTIONS = NO;
				ENABLE_STRICT_OBJC_MSGSEND = YES;
				ENABLE_USER_SCRIPT_SANDBOXING = YES;
				GCC_C_LANGUAGE_STANDARD = gnu17;
				GCC_NO_COMMON_BLOCKS = YES;
				GCC_WARN_64_TO_32_BIT_CONVERSION = YES;
				GCC_WARN_ABOUT_RETURN_TYPE = YES_ERROR;
				GCC_WARN_UNDECLARED_SELECTOR = YES;
				GCC_WARN_UNINITIALIZED_AUTOS = YES_AGGRESSIVE;
				GCC_WARN_UNUSED_FUNCTION = YES;
				GCC_WARN_UNUSED_VARIABLE = YES;
				IPHONEOS_DEPLOYMENT_TARGET = 18.2;
				LOCALIZATION_PREFERS_STRING_CATALOGS = YES;
				MTL_ENABLE_DEBUG_INFO = NO;
				MTL_FAST_MATH = YES;
				SDKROOT = iphoneos;
				SWIFT_COMPILATION_MODE = wholemodule;
				VALIDATE_PRODUCT = YES;
			};
			name = Release;
		};
		5547DDAB2D7B8CF400E561E8 /* Debug */ = {
			isa = XCBuildConfiguration;
			buildSettings = {
				ASSETCATALOG_COMPILER_APPICON_NAME = AppIcon;
				"ASSETCATALOG_COMPILER_APPICON_NAME[sdk=iphoneos*]" = AppIcon;
				ASSETCATALOG_COMPILER_GLOBAL_ACCENT_COLOR_NAME = AccentColor;
				ASSETCATALOG_COMPILER_INCLUDE_ALL_APPICON_ASSETS = YES;
				CODE_SIGN_STYLE = Automatic;
				CURRENT_PROJECT_VERSION = 1;
				DEVELOPMENT_ASSET_PATHS = "\"XHale/Preview Content\"";
				DEVELOPMENT_TEAM = K7GWAFBUHV;
				ENABLE_PREVIEWS = YES;
				GENERATE_INFOPLIST_FILE = YES;
				INFOPLIST_KEY_NSBluetoothAlwaysUsageDescription = "app needs BLE";
				INFOPLIST_KEY_NSBluetoothPeripheralUsageDescription = "app needs BLE";
				INFOPLIST_KEY_UIApplicationSceneManifest_Generation = YES;
				INFOPLIST_KEY_UIApplicationSupportsIndirectInputEvents = YES;
				INFOPLIST_KEY_UILaunchScreen_Generation = YES;
				INFOPLIST_KEY_UILaunchStoryboardName = "";
				INFOPLIST_KEY_UISupportedInterfaceOrientations_iPad = "UIInterfaceOrientationPortrait UIInterfaceOrientationPortraitUpsideDown UIInterfaceOrientationLandscapeLeft UIInterfaceOrientationLandscapeRight";
				INFOPLIST_KEY_UISupportedInterfaceOrientations_iPhone = "UIInterfaceOrientationPortrait UIInterfaceOrientationLandscapeLeft UIInterfaceOrientationLandscapeRight";
				LD_RUNPATH_SEARCH_PATHS = (
					"$(inherited)",
					"@executable_path/Frameworks",
				);
				MARKETING_VERSION = 1.0;
				PRODUCT_BUNDLE_IDENTIFIER = com.COsensor.XHale;
				PRODUCT_NAME = "$(TARGET_NAME)";
				SWIFT_EMIT_LOC_STRINGS = YES;
				SWIFT_VERSION = 5.0;
				TARGETED_DEVICE_FAMILY = "1,2";
			};
			name = Debug;
		};
		5547DDAC2D7B8CF400E561E8 /* Release */ = {
			isa = XCBuildConfiguration;
			buildSettings = {
				ASSETCATALOG_COMPILER_APPICON_NAME = AppIcon;
				ASSETCATALOG_COMPILER_GLOBAL_ACCENT_COLOR_NAME = AccentColor;
				ASSETCATALOG_COMPILER_INCLUDE_ALL_APPICON_ASSETS = YES;
				CODE_SIGN_STYLE = Automatic;
				CURRENT_PROJECT_VERSION = 1;
				DEVELOPMENT_ASSET_PATHS = "\"XHale/Preview Content\"";
				DEVELOPMENT_TEAM = K7GWAFBUHV;
				ENABLE_PREVIEWS = YES;
				GENERATE_INFOPLIST_FILE = YES;
				INFOPLIST_KEY_NSBluetoothAlwaysUsageDescription = "app needs BLE";
				INFOPLIST_KEY_NSBluetoothPeripheralUsageDescription = "app needs BLE";
				INFOPLIST_KEY_UIApplicationSceneManifest_Generation = YES;
				INFOPLIST_KEY_UIApplicationSupportsIndirectInputEvents = YES;
				INFOPLIST_KEY_UILaunchScreen_Generation = YES;
				INFOPLIST_KEY_UILaunchStoryboardName = "";
				INFOPLIST_KEY_UISupportedInterfaceOrientations_iPad = "UIInterfaceOrientationPortrait UIInterfaceOrientationPortraitUpsideDown UIInterfaceOrientationLandscapeLeft UIInterfaceOrientationLandscapeRight";
				INFOPLIST_KEY_UISupportedInterfaceOrientations_iPhone = "UIInterfaceOrientationPortrait UIInterfaceOrientationLandscapeLeft UIInterfaceOrientationLandscapeRight";
				LD_RUNPATH_SEARCH_PATHS = (
					"$(inherited)",
					"@executable_path/Frameworks",
				);
				MARKETING_VERSION = 1.0;
				PRODUCT_BUNDLE_IDENTIFIER = com.COsensor.XHale;
				PRODUCT_NAME = "$(TARGET_NAME)";
				SWIFT_EMIT_LOC_STRINGS = YES;
				SWIFT_VERSION = 5.0;
				TARGETED_DEVICE_FAMILY = "1,2";
			};
			name = Release;
		};
		5547DDAE2D7B8CF400E561E8 /* Debug */ = {
			isa = XCBuildConfiguration;
			buildSettings = {
				BUNDLE_LOADER = "$(TEST_HOST)";
				CODE_SIGN_STYLE = Automatic;
				CURRENT_PROJECT_VERSION = 1;
				GENERATE_INFOPLIST_FILE = YES;
				IPHONEOS_DEPLOYMENT_TARGET = 18.2;
				MARKETING_VERSION = 1.0;
				PRODUCT_BUNDLE_IDENTIFIER = com.COsensor.XHaleTests;
				PRODUCT_NAME = "$(TARGET_NAME)";
				SWIFT_EMIT_LOC_STRINGS = NO;
				SWIFT_VERSION = 5.0;
				TARGETED_DEVICE_FAMILY = "1,2";
				TEST_HOST = "$(BUILT_PRODUCTS_DIR)/XHale.app/$(BUNDLE_EXECUTABLE_FOLDER_PATH)/XHale";
			};
			name = Debug;
		};
		5547DDAF2D7B8CF400E561E8 /* Release */ = {
			isa = XCBuildConfiguration;
			buildSettings = {
				BUNDLE_LOADER = "$(TEST_HOST)";
				CODE_SIGN_STYLE = Automatic;
				CURRENT_PROJECT_VERSION = 1;
				GENERATE_INFOPLIST_FILE = YES;
				IPHONEOS_DEPLOYMENT_TARGET = 18.2;
				MARKETING_VERSION = 1.0;
				PRODUCT_BUNDLE_IDENTIFIER = com.COsensor.XHaleTests;
				PRODUCT_NAME = "$(TARGET_NAME)";
				SWIFT_EMIT_LOC_STRINGS = NO;
				SWIFT_VERSION = 5.0;
				TARGETED_DEVICE_FAMILY = "1,2";
				TEST_HOST = "$(BUILT_PRODUCTS_DIR)/XHale.app/$(BUNDLE_EXECUTABLE_FOLDER_PATH)/XHale";
			};
			name = Release;
		};
		5547DDB12D7B8CF400E561E8 /* Debug */ = {
			isa = XCBuildConfiguration;
			buildSettings = {
				CODE_SIGN_STYLE = Automatic;
				CURRENT_PROJECT_VERSION = 1;
				GENERATE_INFOPLIST_FILE = YES;
				MARKETING_VERSION = 1.0;
				PRODUCT_BUNDLE_IDENTIFIER = com.COsensor.XHaleUITests;
				PRODUCT_NAME = "$(TARGET_NAME)";
				SWIFT_EMIT_LOC_STRINGS = NO;
				SWIFT_VERSION = 5.0;
				TARGETED_DEVICE_FAMILY = "1,2";
				TEST_TARGET_NAME = XHale;
			};
			name = Debug;
		};
		5547DDB22D7B8CF400E561E8 /* Release */ = {
			isa = XCBuildConfiguration;
			buildSettings = {
				CODE_SIGN_STYLE = Automatic;
				CURRENT_PROJECT_VERSION = 1;
				GENERATE_INFOPLIST_FILE = YES;
				MARKETING_VERSION = 1.0;
				PRODUCT_BUNDLE_IDENTIFIER = com.COsensor.XHaleUITests;
				PRODUCT_NAME = "$(TARGET_NAME)";
				SWIFT_EMIT_LOC_STRINGS = NO;
				SWIFT_VERSION = 5.0;
				TARGETED_DEVICE_FAMILY = "1,2";
				TEST_TARGET_NAME = XHale;
			};
			name = Release;
		};
/* End XCBuildConfiguration section */

/* Begin XCConfigurationList section */
		5547DD812D7B8CF100E561E8 /* Build configuration list for PBXProject "XHale" */ = {
			isa = XCConfigurationList;
			buildConfigurations = (
				5547DDA82D7B8CF400E561E8 /* Debug */,
				5547DDA92D7B8CF400E561E8 /* Release */,
			);
			defaultConfigurationIsVisible = 0;
			defaultConfigurationName = Release;
		};
		5547DDAA2D7B8CF400E561E8 /* Build configuration list for PBXNativeTarget "XHale" */ = {
			isa = XCConfigurationList;
			buildConfigurations = (
				5547DDAB2D7B8CF400E561E8 /* Debug */,
				5547DDAC2D7B8CF400E561E8 /* Release */,
			);
			defaultConfigurationIsVisible = 0;
			defaultConfigurationName = Release;
		};
		5547DDAD2D7B8CF400E561E8 /* Build configuration list for PBXNativeTarget "XHaleTests" */ = {
			isa = XCConfigurationList;
			buildConfigurations = (
				5547DDAE2D7B8CF400E561E8 /* Debug */,
				5547DDAF2D7B8CF400E561E8 /* Release */,
			);
			defaultConfigurationIsVisible = 0;
			defaultConfigurationName = Release;
		};
		5547DDB02D7B8CF400E561E8 /* Build configuration list for PBXNativeTarget "XHaleUITests" */ = {
			isa = XCConfigurationList;
			buildConfigurations = (
				5547DDB12D7B8CF400E561E8 /* Debug */,
				5547DDB22D7B8CF400E561E8 /* Release */,
			);
			defaultConfigurationIsVisible = 0;
			defaultConfigurationName = Release;
		};
/* End XCConfigurationList section */

/* Begin XCRemoteSwiftPackageReference section */
		550EE8C32D9B21240067C221 /* XCRemoteSwiftPackageReference "GoogleSignIn-iOS" */ = {
			isa = XCRemoteSwiftPackageReference;
			repositoryURL = "https://github.com/google/GoogleSignIn-iOS";
			requirement = {
				kind = upToNextMajorVersion;
				minimumVersion = 8.0.0;
			};
		};
		552DA2C42D9A5C6600FAD114 /* XCRemoteSwiftPackageReference "firebase-ios-sdk" */ = {
			isa = XCRemoteSwiftPackageReference;
			repositoryURL = "https://github.com/firebase/firebase-ios-sdk";
			requirement = {
				kind = upToNextMajorVersion;
				minimumVersion = 11.10.0;
			};
		};
/* End XCRemoteSwiftPackageReference section */

/* Begin XCSwiftPackageProductDependency section */
		550EE8C42D9B21240067C221 /* GoogleSignIn */ = {
			isa = XCSwiftPackageProductDependency;
			package = 550EE8C32D9B21240067C221 /* XCRemoteSwiftPackageReference "GoogleSignIn-iOS" */;
			productName = GoogleSignIn;
		};
		550EE8C62D9B21240067C221 /* GoogleSignInSwift */ = {
			isa = XCSwiftPackageProductDependency;
			package = 550EE8C32D9B21240067C221 /* XCRemoteSwiftPackageReference "GoogleSignIn-iOS" */;
			productName = GoogleSignInSwift;
		};
		555883D12D9A630B00A12085 /* FirebaseAnalytics */ = {
			isa = XCSwiftPackageProductDependency;
			package = 552DA2C42D9A5C6600FAD114 /* XCRemoteSwiftPackageReference "firebase-ios-sdk" */;
			productName = FirebaseAnalytics;
		};
		555883D32D9A630B00A12085 /* FirebaseAnalyticsOnDeviceConversion */ = {
			isa = XCSwiftPackageProductDependency;
			package = 552DA2C42D9A5C6600FAD114 /* XCRemoteSwiftPackageReference "firebase-ios-sdk" */;
			productName = FirebaseAnalyticsOnDeviceConversion;
		};
		555883D52D9A630B00A12085 /* FirebaseAnalyticsWithoutAdIdSupport */ = {
			isa = XCSwiftPackageProductDependency;
			package = 552DA2C42D9A5C6600FAD114 /* XCRemoteSwiftPackageReference "firebase-ios-sdk" */;
			productName = FirebaseAnalyticsWithoutAdIdSupport;
		};
		555883D72D9A630B00A12085 /* FirebaseAppCheck */ = {
			isa = XCSwiftPackageProductDependency;
			package = 552DA2C42D9A5C6600FAD114 /* XCRemoteSwiftPackageReference "firebase-ios-sdk" */;
			productName = FirebaseAppCheck;
		};
		555883D92D9A630B00A12085 /* FirebaseAppDistribution-Beta */ = {
			isa = XCSwiftPackageProductDependency;
			package = 552DA2C42D9A5C6600FAD114 /* XCRemoteSwiftPackageReference "firebase-ios-sdk" */;
			productName = "FirebaseAppDistribution-Beta";
		};
		555883DB2D9A63EA00A12085 /* FirebaseAuth */ = {
			isa = XCSwiftPackageProductDependency;
			package = 552DA2C42D9A5C6600FAD114 /* XCRemoteSwiftPackageReference "firebase-ios-sdk" */;
			productName = FirebaseAuth;
		};
		555883DD2D9A63EA00A12085 /* FirebaseAuthCombine-Community */ = {
			isa = XCSwiftPackageProductDependency;
			package = 552DA2C42D9A5C6600FAD114 /* XCRemoteSwiftPackageReference "firebase-ios-sdk" */;
			productName = "FirebaseAuthCombine-Community";
		};
		555883DF2D9A63EA00A12085 /* FirebaseCore */ = {
			isa = XCSwiftPackageProductDependency;
			package = 552DA2C42D9A5C6600FAD114 /* XCRemoteSwiftPackageReference "firebase-ios-sdk" */;
			productName = FirebaseCore;
		};
		555883E12D9A63EA00A12085 /* FirebaseCrashlytics */ = {
			isa = XCSwiftPackageProductDependency;
			package = 552DA2C42D9A5C6600FAD114 /* XCRemoteSwiftPackageReference "firebase-ios-sdk" */;
			productName = FirebaseCrashlytics;
		};
		555883E32D9A63EA00A12085 /* FirebaseDatabase */ = {
			isa = XCSwiftPackageProductDependency;
			package = 552DA2C42D9A5C6600FAD114 /* XCRemoteSwiftPackageReference "firebase-ios-sdk" */;
			productName = FirebaseDatabase;
		};
		555883E52D9A63EA00A12085 /* FirebaseDynamicLinks */ = {
			isa = XCSwiftPackageProductDependency;
			package = 552DA2C42D9A5C6600FAD114 /* XCRemoteSwiftPackageReference "firebase-ios-sdk" */;
			productName = FirebaseDynamicLinks;
		};
		555883E72D9A63EA00A12085 /* FirebaseFirestore */ = {
			isa = XCSwiftPackageProductDependency;
			package = 552DA2C42D9A5C6600FAD114 /* XCRemoteSwiftPackageReference "firebase-ios-sdk" */;
			productName = FirebaseFirestore;
		};
		555883E92D9A63EA00A12085 /* FirebaseFirestoreCombine-Community */ = {
			isa = XCSwiftPackageProductDependency;
			package = 552DA2C42D9A5C6600FAD114 /* XCRemoteSwiftPackageReference "firebase-ios-sdk" */;
			productName = "FirebaseFirestoreCombine-Community";
		};
		555883EB2D9A63EA00A12085 /* FirebaseFunctions */ = {
			isa = XCSwiftPackageProductDependency;
			package = 552DA2C42D9A5C6600FAD114 /* XCRemoteSwiftPackageReference "firebase-ios-sdk" */;
			productName = FirebaseFunctions;
		};
		555883ED2D9A63EA00A12085 /* FirebaseFunctionsCombine-Community */ = {
			isa = XCSwiftPackageProductDependency;
			package = 552DA2C42D9A5C6600FAD114 /* XCRemoteSwiftPackageReference "firebase-ios-sdk" */;
			productName = "FirebaseFunctionsCombine-Community";
		};
		555883EF2D9A63EA00A12085 /* FirebaseInAppMessaging-Beta */ = {
			isa = XCSwiftPackageProductDependency;
			package = 552DA2C42D9A5C6600FAD114 /* XCRemoteSwiftPackageReference "firebase-ios-sdk" */;
			productName = "FirebaseInAppMessaging-Beta";
		};
		555883F12D9A63EA00A12085 /* FirebaseInstallations */ = {
			isa = XCSwiftPackageProductDependency;
			package = 552DA2C42D9A5C6600FAD114 /* XCRemoteSwiftPackageReference "firebase-ios-sdk" */;
			productName = FirebaseInstallations;
		};
		555883F32D9A63EA00A12085 /* FirebaseMLModelDownloader */ = {
			isa = XCSwiftPackageProductDependency;
			package = 552DA2C42D9A5C6600FAD114 /* XCRemoteSwiftPackageReference "firebase-ios-sdk" */;
			productName = FirebaseMLModelDownloader;
		};
		555883F52D9A63EA00A12085 /* FirebaseMessaging */ = {
			isa = XCSwiftPackageProductDependency;
			package = 552DA2C42D9A5C6600FAD114 /* XCRemoteSwiftPackageReference "firebase-ios-sdk" */;
			productName = FirebaseMessaging;
		};
		555883F72D9A63EA00A12085 /* FirebasePerformance */ = {
			isa = XCSwiftPackageProductDependency;
			package = 552DA2C42D9A5C6600FAD114 /* XCRemoteSwiftPackageReference "firebase-ios-sdk" */;
			productName = FirebasePerformance;
		};
		555883F92D9A63EA00A12085 /* FirebaseRemoteConfig */ = {
			isa = XCSwiftPackageProductDependency;
			package = 552DA2C42D9A5C6600FAD114 /* XCRemoteSwiftPackageReference "firebase-ios-sdk" */;
			productName = FirebaseRemoteConfig;
		};
		555883FB2D9A63EA00A12085 /* FirebaseStorage */ = {
			isa = XCSwiftPackageProductDependency;
			package = 552DA2C42D9A5C6600FAD114 /* XCRemoteSwiftPackageReference "firebase-ios-sdk" */;
			productName = FirebaseStorage;
		};
		555883FD2D9A63EA00A12085 /* FirebaseStorageCombine-Community */ = {
			isa = XCSwiftPackageProductDependency;
			package = 552DA2C42D9A5C6600FAD114 /* XCRemoteSwiftPackageReference "firebase-ios-sdk" */;
			productName = "FirebaseStorageCombine-Community";
		};
		555883FF2D9A63EA00A12085 /* FirebaseVertexAI */ = {
			isa = XCSwiftPackageProductDependency;
			package = 552DA2C42D9A5C6600FAD114 /* XCRemoteSwiftPackageReference "firebase-ios-sdk" */;
			productName = FirebaseVertexAI;
		};
/* End XCSwiftPackageProductDependency section */
	};
	rootObject = 5547DD7E2D7B8CF100E561E8 /* Project object */;
}
